
Microsoft Visual Studio Solution File, Format Version 12.00
# Visual Studio Version 16
VisualStudioVersion = 16.0.30621.155
MinimumVisualStudioVersion = 10.0.40219.1
Project("{FAE04EC0-301F-11D3-BF4B-00C04F79EFBC}") = "SaveGame", "SaveGame\SaveGame.csproj", "{001BE78A-E8F0-47C8-B5F3-95D637AD6626}"
EndProject
Project("{FAE04EC0-301F-11D3-BF4B-00C04F79EFBC}") = "DatabaseImplement", "DatabaseImplement\DatabaseImplement.csproj", "{87101D7E-0A0D-403E-B4A0-9A90A3844B9B}"
EndProject
Project("{FAE04EC0-301F-11D3-BF4B-00C04F79EFBC}") = "ExeptionController", "ExeptionController\ExeptionController.csproj", "{F50231B2-B9B2-4C60-BCBC-181F70C38673}"
EndProject
Global
	GlobalSection(SolutionConfigurationPlatforms) = preSolution
		Debug|Any CPU = Debug|Any CPU
		Release|Any CPU = Release|Any CPU
	EndGlobalSection
	GlobalSection(ProjectConfigurationPlatforms) = postSolution
		{001BE78A-E8F0-47C8-B5F3-95D637AD6626}.Debug|Any CPU.ActiveCfg = Debug|Any CPU
		{001BE78A-E8F0-47C8-B5F3-95D637AD6626}.Debug|Any CPU.Build.0 = Debug|Any CPU
		{001BE78A-E8F0-47C8-B5F3-95D637AD6626}.Release|Any CPU.ActiveCfg = Release|Any CPU
		{001BE78A-E8F0-47C8-B5F3-95D637AD6626}.Release|Any CPU.Build.0 = Release|Any CPU
		{87101D7E-0A0D-403E-B4A0-9A90A3844B9B}.Debug|Any CPU.ActiveCfg = Debug|Any CPU
		{87101D7E-0A0D-403E-B4A0-9A90A3844B9B}.Debug|Any CPU.Build.0 = Debug|Any CPU
		{87101D7E-0A0D-403E-B4A0-9A90A3844B9B}.Release|Any CPU.ActiveCfg = Release|Any CPU
		{87101D7E-0A0D-403E-B4A0-9A90A3844B9B}.Release|Any CPU.Build.0 = Release|Any CPU
		{F50231B2-B9B2-4C60-BCBC-181F70C38673}.Debug|Any CPU.ActiveCfg = Debug|Any CPU
		{F50231B2-B9B2-4C60-BCBC-181F70C38673}.Debug|Any CPU.Build.0 = Debug|Any CPU
		{F50231B2-B9B2-4C60-BCBC-181F70C38673}.Release|Any CPU.ActiveCfg = Release|Any CPU
		{F50231B2-B9B2-4C60-BCBC-181F70C38673}.Release|Any CPU.Build.0 = Release|Any CPU
	EndGlobalSection
	GlobalSection(SolutionProperties) = preSolution
		HideSolutionNode = FALSE
	EndGlobalSection
	GlobalSection(ExtensibilityGlobals) = postSolution
		SolutionGuid = {01D5C2D5-1289-4298-8B30-0141B96D0F62}
	EndGlobalSection
EndGlobal
